
Microsoft Visual Studio Solution File, Format Version 12.00
# Visual Studio 15
VisualStudioVersion = 15.0.27004.2010
MinimumVisualStudioVersion = 10.0.40219.1
Project("{FAE04EC0-301F-11D3-BF4B-00C04F79EFBC}") = "Sis Administracion", "Sis Administracion\Sis Administracion.csproj", "{3996DC33-57AA-4394-ABA3-6420CF2ACC9B}"
EndProject
Global
	GlobalSection(SolutionConfigurationPlatforms) = preSolution
		Debug|Any CPU = Debug|Any CPU
		Release|Any CPU = Release|Any CPU
	EndGlobalSection
	GlobalSection(ProjectConfigurationPlatforms) = postSolution
		{3996DC33-57AA-4394-ABA3-6420CF2ACC9B}.Debug|Any CPU.ActiveCfg = Debug|Any CPU
		{3996DC33-57AA-4394-ABA3-6420CF2ACC9B}.Debug|Any CPU.Build.0 = Debug|Any CPU
		{3996DC33-57AA-4394-ABA3-6420CF2ACC9B}.Release|Any CPU.ActiveCfg = Release|Any CPU
		{3996DC33-57AA-4394-ABA3-6420CF2ACC9B}.Release|Any CPU.Build.0 = Release|Any CPU
	EndGlobalSection
	GlobalSection(SolutionProperties) = preSolution
		HideSolutionNode = FALSE
	EndGlobalSection
	GlobalSection(ExtensibilityGlobals) = postSolution
		SolutionGuid = {8AFF6586-0BAA-45AD-BCA9-C7D97FB9DE2B}
	EndGlobalSection
EndGlobal
